// !$*UTF8*$!
{
	archiveVersion = 1;
	classes = {
	};
	objectVersion = 46;
	objects = {

/* Begin PBXBuildFile section */
		2062AA4A1D9376E300BAE8D5 /* main.m in Sources */ = {isa = PBXBuildFile; fileRef = 2062AA491D9376E300BAE8D5 /* main.m */; };
		2062AA4D1D9376E300BAE8D5 /* AppDelegate.m in Sources */ = {isa = PBXBuildFile; fileRef = 2062AA4C1D9376E300BAE8D5 /* AppDelegate.m */; };
		2062AA501D9376E300BAE8D5 /* ViewController.m in Sources */ = {isa = PBXBuildFile; fileRef = 2062AA4F1D9376E300BAE8D5 /* ViewController.m */; };
		2062AA531D9376E300BAE8D5 /* Main.storyboard in Resources */ = {isa = PBXBuildFile; fileRef = 2062AA511D9376E300BAE8D5 /* Main.storyboard */; };
		2062AA551D9376E300BAE8D5 /* Assets.xcassets in Resources */ = {isa = PBXBuildFile; fileRef = 2062AA541D9376E300BAE8D5 /* Assets.xcassets */; };
		2062AA581D9376E300BAE8D5 /* LaunchScreen.storyboard in Resources */ = {isa = PBXBuildFile; fileRef = 2062AA561D9376E300BAE8D5 /* LaunchScreen.storyboard */; };
		2062AA631D9376E300BAE8D5 /* ColorIntoImageTests.m in Sources */ = {isa = PBXBuildFile; fileRef = 2062AA621D9376E300BAE8D5 /* ColorIntoImageTests.m */; };
		2062AA6E1D9376E300BAE8D5 /* ColorIntoImageUITests.m in Sources */ = {isa = PBXBuildFile; fileRef = 2062AA6D1D9376E300BAE8D5 /* ColorIntoImageUITests.m */; };
		2062AA7D1D9377F700BAE8D5 /* UIImage+ColorIntoImage.m in Sources */ = {isa = PBXBuildFile; fileRef = 2062AA7C1D9377F700BAE8D5 /* UIImage+ColorIntoImage.m */; };
/* End PBXBuildFile section */

/* Begin PBXContainerItemProxy section */
		2062AA5F1D9376E300BAE8D5 /* PBXContainerItemProxy */ = {
			isa = PBXContainerItemProxy;
			containerPortal = 2062AA3D1D9376E300BAE8D5 /* Project object */;
			proxyType = 1;
			remoteGlobalIDString = 2062AA441D9376E300BAE8D5;
			remoteInfo = ColorIntoImage;
		};
		2062AA6A1D9376E300BAE8D5 /* PBXContainerItemProxy */ = {
			isa = PBXContainerItemProxy;
			containerPortal = 2062AA3D1D9376E300BAE8D5 /* Project object */;
			proxyType = 1;
			remoteGlobalIDString = 2062AA441D9376E300BAE8D5;
			remoteInfo = ColorIntoImage;
		};
/* End PBXContainerItemProxy section */

/* Begin PBXFileReference section */
		2062AA451D9376E300BAE8D5 /* ColorIntoImage.app */ = {isa = PBXFileReference; explicitFileType = wrapper.application; includeInIndex = 0; path = ColorIntoImage.app; sourceTree = BUILT_PRODUCTS_DIR; };
		2062AA491D9376E300BAE8D5 /* main.m */ = {isa = PBXFileReference; lastKnownFileType = sourcecode.c.objc; path = main.m; sourceTree = "<group>"; };
		2062AA4B1D9376E300BAE8D5 /* AppDelegate.h */ = {isa = PBXFileReference; lastKnownFileType = sourcecode.c.h; path = AppDelegate.h; sourceTree = "<group>"; };
		2062AA4C1D9376E300BAE8D5 /* AppDelegate.m */ = {isa = PBXFileReference; lastKnownFileType = sourcecode.c.objc; path = AppDelegate.m; sourceTree = "<group>"; };
		2062AA4E1D9376E300BAE8D5 /* ViewController.h */ = {isa = PBXFileReference; lastKnownFileType = sourcecode.c.h; path = ViewController.h; sourceTree = "<group>"; };
		2062AA4F1D9376E300BAE8D5 /* ViewController.m */ = {isa = PBXFileReference; lastKnownFileType = sourcecode.c.objc; path = ViewController.m; sourceTree = "<group>"; };
		2062AA521D9376E300BAE8D5 /* Base */ = {isa = PBXFileReference; lastKnownFileType = file.storyboard; name = Base; path = Base.lproj/Main.storyboard; sourceTree = "<group>"; };
		2062AA541D9376E300BAE8D5 /* Assets.xcassets */ = {isa = PBXFileReference; lastKnownFileType = folder.assetcatalog; path = Assets.xcassets; sourceTree = "<group>"; };
		2062AA571D9376E300BAE8D5 /* Base */ = {isa = PBXFileReference; lastKnownFileType = file.storyboard; name = Base; path = Base.lproj/LaunchScreen.storyboard; sourceTree = "<group>"; };
		2062AA591D9376E300BAE8D5 /* Info.plist */ = {isa = PBXFileReference; lastKnownFileType = text.plist.xml; path = Info.plist; sourceTree = "<group>"; };
		2062AA5E1D9376E300BAE8D5 /* ColorIntoImageTests.xctest */ = {isa = PBXFileReference; explicitFileType = wrapper.cfbundle; includeInIndex = 0; path = ColorIntoImageTests.xctest; sourceTree = BUILT_PRODUCTS_DIR; };
		2062AA621D9376E300BAE8D5 /* ColorIntoImageTests.m */ = {isa = PBXFileReference; lastKnownFileType = sourcecode.c.objc; path = ColorIntoImageTests.m; sourceTree = "<group>"; };
		2062AA641D9376E300BAE8D5 /* Info.plist */ = {isa = PBXFileReference; lastKnownFileType = text.plist.xml; path = Info.plist; sourceTree = "<group>"; };
		2062AA691D9376E300BAE8D5 /* ColorIntoImageUITests.xctest */ = {isa = PBXFileReference; explicitFileType = wrapper.cfbundle; includeInIndex = 0; path = ColorIntoImageUITests.xctest; sourceTree = BUILT_PRODUCTS_DIR; };
		2062AA6D1D9376E300BAE8D5 /* ColorIntoImageUITests.m */ = {isa = PBXFileReference; lastKnownFileType = sourcecode.c.objc; path = ColorIntoImageUITests.m; sourceTree = "<group>"; };
		2062AA6F1D9376E300BAE8D5 /* Info.plist */ = {isa = PBXFileReference; lastKnownFileType = text.plist.xml; path = Info.plist; sourceTree = "<group>"; };
		2062AA7B1D9377F700BAE8D5 /* UIImage+ColorIntoImage.h */ = {isa = PBXFileReference; fileEncoding = 4; lastKnownFileType = sourcecode.c.h; path = "UIImage+ColorIntoImage.h"; sourceTree = "<group>"; };
		2062AA7C1D9377F700BAE8D5 /* UIImage+ColorIntoImage.m */ = {isa = PBXFileReference; fileEncoding = 4; lastKnownFileType = sourcecode.c.objc; path = "UIImage+ColorIntoImage.m"; sourceTree = "<group>"; };
/* End PBXFileReference section */

/* Begin PBXFrameworksBuildPhase section */
		2062AA421D9376E300BAE8D5 /* Frameworks */ = {
			isa = PBXFrameworksBuildPhase;
			buildActionMask = 2147483647;
			files = (
			);
			runOnlyForDeploymentPostprocessing = 0;
		};
		2062AA5B1D9376E300BAE8D5 /* Frameworks */ = {
			isa = PBXFrameworksBuildPhase;
			buildActionMask = 2147483647;
			files = (
			);
			runOnlyForDeploymentPostprocessing = 0;
		};
		2062AA661D9376E300BAE8D5 /* Frameworks */ = {
			isa = PBXFrameworksBuildPhase;
			buildActionMask = 2147483647;
			files = (
			);
			runOnlyForDeploymentPostprocessing = 0;
		};
/* End PBXFrameworksBuildPhase section */

/* Begin PBXGroup section */
		2062AA3C1D9376E300BAE8D5 = {
			isa = PBXGroup;
			children = (
				2062AA471D9376E300BAE8D5 /* ColorIntoImage */,
				2062AA611D9376E300BAE8D5 /* ColorIntoImageTests */,
				2062AA6C1D9376E300BAE8D5 /* ColorIntoImageUITests */,
				2062AA461D9376E300BAE8D5 /* Products */,
			);
			sourceTree = "<group>";
		};
		2062AA461D9376E300BAE8D5 /* Products */ = {
			isa = PBXGroup;
			children = (
				2062AA451D9376E300BAE8D5 /* ColorIntoImage.app */,
				2062AA5E1D9376E300BAE8D5 /* ColorIntoImageTests.xctest */,
				2062AA691D9376E300BAE8D5 /* ColorIntoImageUITests.xctest */,
			);
			name = Products;
			sourceTree = "<group>";
		};
		2062AA471D9376E300BAE8D5 /* ColorIntoImage */ = {
			isa = PBXGroup;
			children = (
				2062AA4B1D9376E300BAE8D5 /* AppDelegate.h */,
				2062AA4C1D9376E300BAE8D5 /* AppDelegate.m */,
				2062AA4E1D9376E300BAE8D5 /* ViewController.h */,
				2062AA4F1D9376E300BAE8D5 /* ViewController.m */,
				2062AA7B1D9377F700BAE8D5 /* UIImage+ColorIntoImage.h */,
				2062AA7C1D9377F700BAE8D5 /* UIImage+ColorIntoImage.m */,
				2062AA511D9376E300BAE8D5 /* Main.storyboard */,
				2062AA541D9376E300BAE8D5 /* Assets.xcassets */,
				2062AA561D9376E300BAE8D5 /* LaunchScreen.storyboard */,
				2062AA591D9376E300BAE8D5 /* Info.plist */,
				2062AA481D9376E300BAE8D5 /* Supporting Files */,
			);
			path = ColorIntoImage;
			sourceTree = "<group>";
		};
		2062AA481D9376E300BAE8D5 /* Supporting Files */ = {
			isa = PBXGroup;
			children = (
				2062AA491D9376E300BAE8D5 /* main.m */,
			);
			name = "Supporting Files";
			sourceTree = "<group>";
		};
		2062AA611D9376E300BAE8D5 /* ColorIntoImageTests */ = {
			isa = PBXGroup;
			children = (
				2062AA621D9376E300BAE8D5 /* ColorIntoImageTests.m */,
				2062AA641D9376E300BAE8D5 /* Info.plist */,
			);
			path = ColorIntoImageTests;
			sourceTree = "<group>";
		};
		2062AA6C1D9376E300BAE8D5 /* ColorIntoImageUITests */ = {
			isa = PBXGroup;
			children = (
				2062AA6D1D9376E300BAE8D5 /* ColorIntoImageUITests.m */,
				2062AA6F1D9376E300BAE8D5 /* Info.plist */,
			);
			path = ColorIntoImageUITests;
			sourceTree = "<group>";
		};
/* End PBXGroup section */

/* Begin PBXNativeTarget section */
		2062AA441D9376E300BAE8D5 /* ColorIntoImage */ = {
			isa = PBXNativeTarget;
			buildConfigurationList = 2062AA721D9376E300BAE8D5 /* Build configuration list for PBXNativeTarget "ColorIntoImage" */;
			buildPhases = (
				2062AA411D9376E300BAE8D5 /* Sources */,
				2062AA421D9376E300BAE8D5 /* Frameworks */,
				2062AA431D9376E300BAE8D5 /* Resources */,
			);
			buildRules = (
			);
			dependencies = (
			);
			name = ColorIntoImage;
			productName = ColorIntoImage;
			productReference = 2062AA451D9376E300BAE8D5 /* ColorIntoImage.app */;
			productType = "com.apple.product-type.application";
		};
		2062AA5D1D9376E300BAE8D5 /* ColorIntoImageTests */ = {
			isa = PBXNativeTarget;
			buildConfigurationList = 2062AA751D9376E300BAE8D5 /* Build configuration list for PBXNativeTarget "ColorIntoImageTests" */;
			buildPhases = (
				2062AA5A1D9376E300BAE8D5 /* Sources */,
				2062AA5B1D9376E300BAE8D5 /* Frameworks */,
				2062AA5C1D9376E300BAE8D5 /* Resources */,
			);
			buildRules = (
			);
			dependencies = (
				2062AA601D9376E300BAE8D5 /* PBXTargetDependency */,
			);
			name = ColorIntoImageTests;
			productName = ColorIntoImageTests;
			productReference = 2062AA5E1D9376E300BAE8D5 /* ColorIntoImageTests.xctest */;
			productType = "com.apple.product-type.bundle.unit-test";
		};
		2062AA681D9376E300BAE8D5 /* ColorIntoImageUITests */ = {
			isa = PBXNativeTarget;
			buildConfigurationList = 2062AA781D9376E300BAE8D5 /* Build configuration list for PBXNativeTarget "ColorIntoImageUITests" */;
			buildPhases = (
				2062AA651D9376E300BAE8D5 /* Sources */,
				2062AA661D9376E300BAE8D5 /* Frameworks */,
				2062AA671D9376E300BAE8D5 /* Resources */,
			);
			buildRules = (
			);
			dependencies = (
				2062AA6B1D9376E300BAE8D5 /* PBXTargetDependency */,
			);
			name = ColorIntoImageUITests;
			productName = ColorIntoImageUITests;
			productReference = 2062AA691D9376E300BAE8D5 /* ColorIntoImageUITests.xctest */;
			productType = "com.apple.product-type.bundle.ui-testing";
		};
/* End PBXNativeTarget section */

/* Begin PBXProject section */
		2062AA3D1D9376E300BAE8D5 /* Project object */ = {
			isa = PBXProject;
			attributes = {
				LastUpgradeCheck = 0730;
				ORGANIZATIONNAME = www.palcw.com;
				TargetAttributes = {
					2062AA441D9376E300BAE8D5 = {
						CreatedOnToolsVersion = 7.3.1;
					};
					2062AA5D1D9376E300BAE8D5 = {
						CreatedOnToolsVersion = 7.3.1;
						TestTargetID = 2062AA441D9376E300BAE8D5;
					};
					2062AA681D9376E300BAE8D5 = {
						CreatedOnToolsVersion = 7.3.1;
						TestTargetID = 2062AA441D9376E300BAE8D5;
					};
				};
			};
			buildConfigurationList = 2062AA401D9376E300BAE8D5 /* Build configuration list for PBXProject "ColorIntoImage" */;
			compatibilityVersion = "Xcode 3.2";
			developmentRegion = English;
			hasScannedForEncodings = 0;
			knownRegions = (
				en,
				Base,
			);
			mainGroup = 2062AA3C1D9376E300BAE8D5;
			productRefGroup = 2062AA461D9376E300BAE8D5 /* Products */;
			projectDirPath = "";
			projectRoot = "";
			targets = (
				2062AA441D9376E300BAE8D5 /* ColorIntoImage */,
				2062AA5D1D9376E300BAE8D5 /* ColorIntoImageTests */,
				2062AA681D9376E300BAE8D5 /* ColorIntoImageUITests */,
			);
		};
/* End PBXProject section */

/* Begin PBXResourcesBuildPhase section */
		2062AA431D9376E300BAE8D5 /* Resources */ = {
			isa = PBXResourcesBuildPhase;
			buildActionMask = 2147483647;
			files = (
				2062AA581D9376E300BAE8D5 /* LaunchScreen.storyboard in Resources */,
				2062AA551D9376E300BAE8D5 /* Assets.xcassets in Resources */,
				2062AA531D9376E300BAE8D5 /* Main.storyboard in Resources */,
			);
			runOnlyForDeploymentPostprocessing = 0;
		};
		2062AA5C1D9376E300BAE8D5 /* Resources */ = {
			isa = PBXResourcesBuildPhase;
			buildActionMask = 2147483647;
			files = (
			);
			runOnlyForDeploymentPostprocessing = 0;
		};
		2062AA671D9376E300BAE8D5 /* Resources */ = {
			isa = PBXResourcesBuildPhase;
			buildActionMask = 2147483647;
			files = (
			);
			runOnlyForDeploymentPostprocessing = 0;
		};
/* End PBXResourcesBuildPhase section */

/* Begin PBXSourcesBuildPhase section */
		2062AA411D9376E300BAE8D5 /* Sources */ = {
			isa = PBXSourcesBuildPhase;
			buildActionMask = 2147483647;
			files = (
				2062AA501D9376E300BAE8D5 /* ViewController.m in Sources */,
				2062AA4D1D9376E300BAE8D5 /* AppDelegate.m in Sources */,
				2062AA4A1D9376E300BAE8D5 /* main.m in Sources */,
				2062AA7D1D9377F700BAE8D5 /* UIImage+ColorIntoImage.m in Sources */,
			);
			runOnlyForDeploymentPostprocessing = 0;
		};
		2062AA5A1D9376E300BAE8D5 /* Sources */ = {
			isa = PBXSourcesBuildPhase;
			buildActionMask = 2147483647;
			files = (
				2062AA631D9376E300BAE8D5 /* ColorIntoImageTests.m in Sources */,
			);
			runOnlyForDeploymentPostprocessing = 0;
		};
		2062AA651D9376E300BAE8D5 /* Sources */ = {
			isa = PBXSourcesBuildPhase;
			buildActionMask = 2147483647;
			files = (
				2062AA6E1D9376E300BAE8D5 /* ColorIntoImageUITests.m in Sources */,
			);
			runOnlyForDeploymentPostprocessing = 0;
		};
/* End PBXSourcesBuildPhase section */

/* Begin PBXTargetDependency section */
		2062AA601D9376E300BAE8D5 /* PBXTargetDependency */ = {
			isa = PBXTargetDependency;
			target = 2062AA441D9376E300BAE8D5 /* ColorIntoImage */;
			targetProxy = 2062AA5F1D9376E300BAE8D5 /* PBXContainerItemProxy */;
		};
		2062AA6B1D9376E300BAE8D5 /* PBXTargetDependency */ = {
			isa = PBXTargetDependency;
			target = 2062AA441D9376E300BAE8D5 /* ColorIntoImage */;
			targetProxy = 2062AA6A1D9376E300BAE8D5 /* PBXContainerItemProxy */;
		};
/* End PBXTargetDependency section */

/* Begin PBXVariantGroup section */
		2062AA511D9376E300BAE8D5 /* Main.storyboard */ = {
			isa = PBXVariantGroup;
			children = (
				2062AA521D9376E300BAE8D5 /* Base */,
			);
			name = Main.storyboard;
			sourceTree = "<group>";
		};
		2062AA561D9376E300BAE8D5 /* LaunchScreen.storyboard */ = {
			isa = PBXVariantGroup;
			children = (
				2062AA571D9376E300BAE8D5 /* Base */,
			);
			name = LaunchScreen.storyboard;
			sourceTree = "<group>";
		};
/* End PBXVariantGroup section */

/* Begin XCBuildConfiguration section */
		2062AA701D9376E300BAE8D5 /* Debug */ = {
			isa = XCBuildConfiguration;
			buildSettings = {
				ALWAYS_SEARCH_USER_PATHS = NO;
				CLANG_ANALYZER_NONNULL = YES;
				CLANG_CXX_LANGUAGE_STANDARD = "gnu++0x";
				CLANG_CXX_LIBRARY = "libc++";
				CLANG_ENABLE_MODULES = YES;
				CLANG_ENABLE_OBJC_ARC = YES;
				CLANG_WARN_BOOL_CONVERSION = YES;
				CLANG_WARN_CONSTANT_CONVERSION = YES;
				CLANG_WARN_DIRECT_OBJC_ISA_USAGE = YES_ERROR;
				CLANG_WARN_EMPTY_BODY = YES;
				CLANG_WARN_ENUM_CONVERSION = YES;
				CLANG_WARN_INT_CONVERSION = YES;
				CLANG_WARN_OBJC_ROOT_CLASS = YES_ERROR;
				CLANG_WARN_UNREACHABLE_CODE = YES;
				CLANG_WARN__DUPLICATE_METHOD_MATCH = YES;
				"CODE_SIGN_IDENTITY[sdk=iphoneos*]" = "iPhone Developer";
				COPY_PHASE_STRIP = NO;
				DEBUG_INFORMATION_FORMAT = dwarf;
				ENABLE_STRICT_OBJC_MSGSEND = YES;
				ENABLE_TESTABILITY = YES;
				GCC_C_LANGUAGE_STANDARD = gnu99;
				GCC_DYNAMIC_NO_PIC = NO;
				GCC_NO_COMMON_BLOCKS = YES;
				GCC_OPTIMIZATION_LEVEL = 0;
				GCC_PREPROCESSOR_DEFINITIONS = (
					"DEBUG=1",
					"$(inherited)",
				);
				GCC_WARN_64_TO_32_BIT_CONVERSION = YES;
				GCC_WARN_ABOUT_RETURN_TYPE = YES_ERROR;
				GCC_WARN_UNDECLARED_SELECTOR = YES;
				GCC_WARN_UNINITIALIZED_AUTOS = YES_AGGRESSIVE;
				GCC_WARN_UNUSED_FUNCTION = YES;
				GCC_WARN_UNUSED_VARIABLE = YES;
				IPHONEOS_DEPLOYMENT_TARGET = 9.3;
				MTL_ENABLE_DEBUG_INFO = YES;
				ONLY_ACTIVE_ARCH = YES;
				SDKROOT = iphoneos;
			};
			name = Debug;
		};
		2062AA711D9376E300BAE8D5 /* Release */ = {
			isa = XCBuildConfiguration;
			buildSettings = {
				ALWAYS_SEARCH_USER_PATHS = NO;
				CLANG_ANALYZER_NONNULL = YES;
				CLANG_CXX_LANGUAGE_STANDARD = "gnu++0x";
				CLANG_CXX_LIBRARY = "libc++";
				CLANG_ENABLE_MODULES = YES;
				CLANG_ENABLE_OBJC_ARC = YES;
				CLANG_WARN_BOOL_CONVERSION = YES;
				CLANG_WARN_CONSTANT_CONVERSION = YES;
				CLANG_WARN_DIRECT_OBJC_ISA_USAGE = YES_ERROR;
				CLANG_WARN_EMPTY_BODY = YES;
				CLANG_WARN_ENUM_CONVERSION = YES;
				CLANG_WARN_INT_CONVERSION = YES;
				CLANG_WARN_OBJC_ROOT_CLASS = YES_ERROR;
				CLANG_WARN_UNREACHABLE_CODE = YES;
				CLANG_WARN__DUPLICATE_METHOD_MATCH = YES;
				"CODE_SIGN_IDENTITY[sdk=iphoneos*]" = "iPhone Developer";
				COPY_PHASE_STRIP = NO;
				DEBUG_INFORMATION_FORMAT = "dwarf-with-dsym";
				ENABLE_NS_ASSERTIONS = NO;
				ENABLE_STRICT_OBJC_MSGSEND = YES;
				GCC_C_LANGUAGE_STANDARD = gnu99;
				GCC_NO_COMMON_BLOCKS = YES;
				GCC_WARN_64_TO_32_BIT_CONVERSION = YES;
				GCC_WARN_ABOUT_RETURN_TYPE = YES_ERROR;
				GCC_WARN_UNDECLARED_SELECTOR = YES;
				GCC_WARN_UNINITIALIZED_AUTOS = YES_AGGRESSIVE;
				GCC_WARN_UNUSED_FUNCTION = YES;
				GCC_WARN_UNUSED_VARIABLE = YES;
				IPHONEOS_DEPLOYMENT_TARGET = 9.3;
				MTL_ENABLE_DEBUG_INFO = NO;
				SDKROOT = iphoneos;
				VALIDATE_PRODUCT = YES;
			};
			name = Release;
		};
		2062AA731D9376E300BAE8D5 /* Debug */ = {
			isa = XCBuildConfiguration;
			buildSettings = {
				ASSETCATALOG_COMPILER_APPICON_NAME = AppIcon;
				INFOPLIST_FILE = ColorIntoImage/Info.plist;
				LD_RUNPATH_SEARCH_PATHS = "$(inherited) @executable_path/Frameworks";
				PRODUCT_BUNDLE_IDENTIFIER = com.Palcw.ColorIntoImage;
				PRODUCT_NAME = "$(TARGET_NAME)";
			};
			name = Debug;
		};
		2062AA741D9376E300BAE8D5 /* Release */ = {
			isa = XCBuildConfiguration;
			buildSettings = {
				ASSETCATALOG_COMPILER_APPICON_NAME = AppIcon;
				INFOPLIST_FILE = ColorIntoImage/Info.plist;
				LD_RUNPATH_SEARCH_PATHS = "$(inherited) @executable_path/Frameworks";
				PRODUCT_BUNDLE_IDENTIFIER = com.Palcw.ColorIntoImage;
				PRODUCT_NAME = "$(TARGET_NAME)";
			};
			name = Release;
		};
		2062AA761D9376E300BAE8D5 /* Debug */ = {
			isa = XCBuildConfiguration;
			buildSettings = {
				BUNDLE_LOADER = "$(TEST_HOST)";
				INFOPLIST_FILE = ColorIntoImageTests/Info.plist;
				LD_RUNPATH_SEARCH_PATHS = "$(inherited) @executable_path/Frameworks @loader_path/Frameworks";
				PRODUCT_BUNDLE_IDENTIFIER = com.Palcw.ColorIntoImageTests;
				PRODUCT_NAME = "$(TARGET_NAME)";
				TEST_HOST = "$(BUILT_PRODUCTS_DIR)/ColorIntoImage.app/ColorIntoImage";
			};
			name = Debug;
		};
		2062AA771D9376E300BAE8D5 /* Release */ = {
			isa = XCBuildConfiguration;
			buildSettings = {
				BUNDLE_LOADER = "$(TEST_HOST)";
				INFOPLIST_FILE = ColorIntoImageTests/Info.plist;
				LD_RUNPATH_SEARCH_PATHS = "$(inherited) @executable_path/Frameworks @loader_path/Frameworks";
				PRODUCT_BUNDLE_IDENTIFIER = com.Palcw.ColorIntoImageTests;
				PRODUCT_NAME = "$(TARGET_NAME)";
				TEST_HOST = "$(BUILT_PRODUCTS_DIR)/ColorIntoImage.app/ColorIntoImage";
			};
			name = Release;
		};
		2062AA791D9376E300BAE8D5 /* Debug */ = {
			isa = XCBuildConfiguration;
			buildSettings = {
				INFOPLIST_FILE = ColorIntoImageUITests/Info.plist;
				LD_RUNPATH_SEARCH_PATHS = "$(inherited) @executable_path/Frameworks @loader_path/Frameworks";
				PRODUCT_BUNDLE_IDENTIFIER = com.Palcw.ColorIntoImageUITests;
				PRODUCT_NAME = "$(TARGET_NAME)";
				TEST_TARGET_NAME = ColorIntoImage;
			};
			name = Debug;
		};
		2062AA7A1D9376E300BAE8D5 /* Release */ = {
			isa = XCBuildConfiguration;
			buildSettings = {
				INFOPLIST_FILE = ColorIntoImageUITests/Info.plist;
				LD_RUNPATH_SEARCH_PATHS = "$(inherited) @executable_path/Frameworks @loader_path/Frameworks";
				PRODUCT_BUNDLE_IDENTIFIER = com.Palcw.ColorIntoImageUITests;
				PRODUCT_NAME = "$(TARGET_NAME)";
				TEST_TARGET_NAME = ColorIntoImage;
			};
			name = Release;
		};
/* End XCBuildConfiguration section */

/* Begin XCConfigurationList section */
		2062AA401D9376E300BAE8D5 /* Build configuration list for PBXProject "ColorIntoImage" */ = {
			isa = XCConfigurationList;
			buildConfigurations = (
				2062AA701D9376E300BAE8D5 /* Debug */,
				2062AA711D9376E300BAE8D5 /* Release */,
			);
			defaultConfigurationIsVisible = 0;
			defaultConfigurationName = Release;
		};
		2062AA721D9376E300BAE8D5 /* Build configuration list for PBXNativeTarget "ColorIntoImage" */ = {
			isa = XCConfigurationList;
			buildConfigurations = (
				2062AA731D9376E300BAE8D5 /* Debug */,
				2062AA741D9376E300BAE8D5 /* Release */,
			);
			defaultConfigurationIsVisible = 0;
		};
		2062AA751D9376E300BAE8D5 /* Build configuration list for PBXNativeTarget "ColorIntoImageTests" */ = {
			isa = XCConfigurationList;
			buildConfigurations = (
				2062AA761D9376E300BAE8D5 /* Debug */,
				2062AA771D9376E300BAE8D5 /* Release */,
			);
			defaultConfigurationIsVisible = 0;
		};
		2062AA781D9376E300BAE8D5 /* Build configuration list for PBXNativeTarget "ColorIntoImageUITests" */ = {
			isa = XCConfigurationList;
			buildConfigurations = (
				2062AA791D9376E300BAE8D5 /* Debug */,
				2062AA7A1D9376E300BAE8D5 /* Release */,
			);
			defaultConfigurationIsVisible = 0;
		};
/* End XCConfigurationList section */
	};
	rootObject = 2062AA3D1D9376E300BAE8D5 /* Project object */;
}
